Microsoft Visual Studio Solution File, Format Version 12.00
# Visual Studio Version 17
VisualStudioVersion = 17.5.2.0
MinimumVisualStudioVersion = 10.0.40219.1
Project("{FAE04EC0-301F-11D3-BF4B-00C04F79EFBC}") = "SadiclarasanWeb", "SadiclarasanWeb.csproj", "{5543626C-EB6C-84D0-1DAC-707CA73B38A2}"
EndProject
Global
	GlobalSection(SolutionConfigurationPlatforms) = preSolution
		Debug|Any CPU = Debug|Any CPU
		Release|Any CPU = Release|Any CPU
	EndGlobalSection
	GlobalSection(ProjectConfigurationPlatforms) = postSolution
		{5543626C-EB6C-84D0-1DAC-707CA73B38A2}.Debug|Any CPU.ActiveCfg = Debug|Any CPU
		{5543626C-EB6C-84D0-1DAC-707CA73B38A2}.Debug|Any CPU.Build.0 = Debug|Any CPU
		{5543626C-EB6C-84D0-1DAC-707CA73B38A2}.Release|Any CPU.ActiveCfg = Release|Any CPU
		{5543626C-EB6C-84D0-1DAC-707CA73B38A2}.Release|Any CPU.Build.0 = Release|Any CPU
	EndGlobalSection
	GlobalSection(SolutionProperties) = preSolution
		HideSolutionNode = FALSE
	EndGlobalSection
	GlobalSection(ExtensibilityGlobals) = postSolution
		SolutionGuid = {18F3C577-506C-4861-9642-302074D919D4}
	EndGlobalSection
EndGlobal
